
Microsoft Visual Studio Solution File, Format Version 12.00
# Visual Studio 15
VisualStudioVersion = 15.0.27004.2009
MinimumVisualStudioVersion = 10.0.40219.1
Project("{8BC9CEB8-8B4A-11D0-8D11-00A0C91BC942}") = "OpenGLWindow", "OpenGLWindow\OpenGLWindow.vcxproj", "{79C681AF-D22E-439B-8804-0ACC9A6C1411}"
EndProject
Global
	GlobalSection(SolutionConfigurationPlatforms) = preSolution
		Debug|x64 = Debug|x64
		Debug|x86 = Debug|x86
		Release|x64 = Release|x64
		Release|x86 = Release|x86
	EndGlobalSection
	GlobalSection(ProjectConfigurationPlatforms) = postSolution
		{79C681AF-D22E-439B-8804-0ACC9A6C1411}.Debug|x64.ActiveCfg = Debug|x64
		{79C681AF-D22E-439B-8804-0ACC9A6C1411}.Debug|x64.Build.0 = Debug|x64
		{79C681AF-D22E-439B-8804-0ACC9A6C1411}.Debug|x86.ActiveCfg = Debug|Win32
		{79C681AF-D22E-439B-8804-0ACC9A6C1411}.Debug|x86.Build.0 = Debug|Win32
		{79C681AF-D22E-439B-8804-0ACC9A6C1411}.Release|x64.ActiveCfg = Release|x64
		{79C681AF-D22E-439B-8804-0ACC9A6C1411}.Release|x64.Build.0 = Release|x64
		{79C681AF-D22E-439B-8804-0ACC9A6C1411}.Release|x86.ActiveCfg = Release|Win32
		{79C681AF-D22E-439B-8804-0ACC9A6C1411}.Release|x86.Build.0 = Release|Win32
	EndGlobalSection
	GlobalSection(SolutionProperties) = preSolution
		HideSolutionNode = FALSE
	EndGlobalSection
	GlobalSection(ExtensibilityGlobals) = postSolution
		SolutionGuid = {BA21E275-5FCC-454F-9854-FA2B6A4452B7}
	EndGlobalSection
EndGlobal
